// !$*UTF8*$!
{
	archiveVersion = 1;
	classes = {
	};
	objectVersion = 46;
	objects = {

/* Begin PBXBuildFile section */
		40AC848D6CCAF0CD63889BF8 /* libPods-dareyooTests.a in Frameworks */ = {isa = PBXBuildFile; fileRef = 259EEC410F751D92EC56AB6A /* libPods-dareyooTests.a */; };
		4D4669D02D9BCF7824B27C76 /* libPods-dareyoo.a in Frameworks */ = {isa = PBXBuildFile; fileRef = 1FF9EFA2A77B1C874C10622E /* libPods-dareyoo.a */; };
		CD5033F51A7AF88400E6FA53 /* DYBetlineTableViewCell.m in Sources */ = {isa = PBXBuildFile; fileRef = CD5033F31A7AF88400E6FA53 /* DYBetlineTableViewCell.m */; };
		CD5033F61A7AF88400E6FA53 /* DYBetlineTableViewCell.xib in Resources */ = {isa = PBXBuildFile; fileRef = CD5033F41A7AF88400E6FA53 /* DYBetlineTableViewCell.xib */; };
		CD5687611A82DF5C00629C98 /* DYBetlineTableViewCell+Configure.m in Sources */ = {isa = PBXBuildFile; fileRef = CD5687601A82DF5C00629C98 /* DYBetlineTableViewCell+Configure.m */; };
		CD5687641A82E0BF00629C98 /* DYBetlineRepository.m in Sources */ = {isa = PBXBuildFile; fileRef = CD5687631A82E0BF00629C98 /* DYBetlineRepository.m */; };
		CD6865E91A27E92F000A1F56 /* main.m in Sources */ = {isa = PBXBuildFile; fileRef = CD6865E81A27E92F000A1F56 /* main.m */; };
		CD6865EC1A27E92F000A1F56 /* AppDelegate.m in Sources */ = {isa = PBXBuildFile; fileRef = CD6865EB1A27E92F000A1F56 /* AppDelegate.m */; };
		CD6865EF1A27E92F000A1F56 /* ViewController.m in Sources */ = {isa = PBXBuildFile; fileRef = CD6865EE1A27E92F000A1F56 /* ViewController.m */; };
		CD6865F21A27E92F000A1F56 /* Main.storyboard in Resources */ = {isa = PBXBuildFile; fileRef = CD6865F01A27E92F000A1F56 /* Main.storyboard */; };
		CD6865F41A27E92F000A1F56 /* Images.xcassets in Resources */ = {isa = PBXBuildFile; fileRef = CD6865F31A27E92F000A1F56 /* Images.xcassets */; };
		CD6865F71A27E92F000A1F56 /* LaunchScreen.xib in Resources */ = {isa = PBXBuildFile; fileRef = CD6865F51A27E92F000A1F56 /* LaunchScreen.xib */; };
		CD6866031A27E92F000A1F56 /* dareyooTests.m in Sources */ = {isa = PBXBuildFile; fileRef = CD6866021A27E92F000A1F56 /* dareyooTests.m */; };
		CD77A3D91A7852C50023BC65 /* fb login btt.png in Resources */ = {isa = PBXBuildFile; fileRef = CD77A3D71A7852C50023BC65 /* fb login btt.png */; };
		CD77A3DA1A7852C50023BC65 /* login btt.png in Resources */ = {isa = PBXBuildFile; fileRef = CD77A3D81A7852C50023BC65 /* login btt.png */; };
		CD77A3DC1A7853140023BC65 /* logo1.png in Resources */ = {isa = PBXBuildFile; fileRef = CD77A3DB1A7853140023BC65 /* logo1.png */; };
		CD77A3DE1A7857B20023BC65 /* mans i copa.png in Resources */ = {isa = PBXBuildFile; fileRef = CD77A3DD1A7857B20023BC65 /* mans i copa.png */; };
		CD77A3E01A799BBA0023BC65 /* Line.png in Resources */ = {isa = PBXBuildFile; fileRef = CD77A3DF1A799BBA0023BC65 /* Line.png */; };
		CD77A3E31A79A0AF0023BC65 /* LoginViewController.m in Sources */ = {isa = PBXBuildFile; fileRef = CD77A3E21A79A0AF0023BC65 /* LoginViewController.m */; };
		CD77A3E61A79A4170023BC65 /* DYBetlineViewController.m in Sources */ = {isa = PBXBuildFile; fileRef = CD77A3E51A79A4170023BC65 /* DYBetlineViewController.m */; };
		CD77A3EA1A79A4860023BC65 /* DYBetlineViewController.xib in Resources */ = {isa = PBXBuildFile; fileRef = CD77A3E91A79A4860023BC65 /* DYBetlineViewController.xib */; };
		CDBCFE091A31231A00EF09E1 /* DYBet.m in Sources */ = {isa = PBXBuildFile; fileRef = CDBCFE081A31231A00EF09E1 /* DYBet.m */; };
		CDBCFE0C1A31254A00EF09E1 /* DYAuthor.m in Sources */ = {isa = PBXBuildFile; fileRef = CDBCFE0B1A31254A00EF09E1 /* DYAuthor.m */; };
		CDCDBE761A39011B00086107 /* DYBid.m in Sources */ = {isa = PBXBuildFile; fileRef = CDCDBE751A39011B00086107 /* DYBid.m */; };
		CDCDBE7A1A3E069B00086107 /* NSDictionary+Parser.m in Sources */ = {isa = PBXBuildFile; fileRef = CDCDBE791A3E069B00086107 /* NSDictionary+Parser.m */; };
		CDCDBE7D1A3E0B3400086107 /* RLNetworkRequest.m in Sources */ = {isa = PBXBuildFile; fileRef = CDCDBE7C1A3E0B3400086107 /* RLNetworkRequest.m */; };
		CDF1CB2B1A56B7DB008F5F1F /* DYBetRepository.m in Sources */ = {isa = PBXBuildFile; fileRef = CDF1CB2A1A56B7DB008F5F1F /* DYBetRepository.m */; };
		CDF1CB2E1A56BC3F008F5F1F /* DYAuthorRepository.m in Sources */ = {isa = PBXBuildFile; fileRef = CDF1CB2D1A56BC3F008F5F1F /* DYAuthorRepository.m */; };
/* End PBXBuildFile section */

/* Begin PBXContainerItemProxy section */
		CD6865FD1A27E92F000A1F56 /* PBXContainerItemProxy */ = {
			isa = PBXContainerItemProxy;
			containerPortal = CD6865DB1A27E92F000A1F56 /* Project object */;
			proxyType = 1;
			remoteGlobalIDString = CD6865E21A27E92F000A1F56;
			remoteInfo = dareyoo;
		};
/* End PBXContainerItemProxy section */

/* Begin PBXFileReference section */
		1FF9EFA2A77B1C874C10622E /* libPods-dareyoo.a */ = {isa = PBXFileReference; explicitFileType = archive.ar; includeInIndex = 0; path = "libPods-dareyoo.a"; sourceTree = BUILT_PRODUCTS_DIR; };
		259EEC410F751D92EC56AB6A /* libPods-dareyooTests.a */ = {isa = PBXFileReference; explicitFileType = archive.ar; includeInIndex = 0; path = "libPods-dareyooTests.a"; sourceTree = BUILT_PRODUCTS_DIR; };
		2710AB28D1BB6F313F2F285B /* Pods-dareyoo.debug.xcconfig */ = {isa = PBXFileReference; includeInIndex = 1; lastKnownFileType = text.xcconfig; name = "Pods-dareyoo.debug.xcconfig"; path = "Pods/Target Support Files/Pods-dareyoo/Pods-dareyoo.debug.xcconfig"; sourceTree = "<group>"; };
		428FF77CF487C5A16A3A7FD4 /* Pods-dareyooTests.debug.xcconfig */ = {isa = PBXFileReference; includeInIndex = 1; lastKnownFileType = text.xcconfig; name = "Pods-dareyooTests.debug.xcconfig"; path = "Pods/Target Support Files/Pods-dareyooTests/Pods-dareyooTests.debug.xcconfig"; sourceTree = "<group>"; };
		430DE0CE26F5B4E4761ED993 /* Pods-dareyoo.release.xcconfig */ = {isa = PBXFileReference; includeInIndex = 1; lastKnownFileType = text.xcconfig; name = "Pods-dareyoo.release.xcconfig"; path = "Pods/Target Support Files/Pods-dareyoo/Pods-dareyoo.release.xcconfig"; sourceTree = "<group>"; };
		786761C997C26DD90CF3C370 /* Pods-dareyooTests.release.xcconfig */ = {isa = PBXFileReference; includeInIndex = 1; lastKnownFileType = text.xcconfig; name = "Pods-dareyooTests.release.xcconfig"; path = "Pods/Target Support Files/Pods-dareyooTests/Pods-dareyooTests.release.xcconfig"; sourceTree = "<group>"; };
		CD5033F21A7AF88400E6FA53 /* DYBetlineTableViewCell.h */ = {isa = PBXFileReference; fileEncoding = 4; lastKnownFileType = sourcecode.c.h; path = DYBetlineTableViewCell.h; sourceTree = "<group>"; };
		CD5033F31A7AF88400E6FA53 /* DYBetlineTableViewCell.m */ = {isa = PBXFileReference; fileEncoding = 4; lastKnownFileType = sourcecode.c.objc; path = DYBetlineTableViewCell.m; sourceTree = "<group>"; };
		CD5033F41A7AF88400E6FA53 /* DYBetlineTableViewCell.xib */ = {isa = PBXFileReference; fileEncoding = 4; lastKnownFileType = file.xib; path = DYBetlineTableViewCell.xib; sourceTree = "<group>"; };
		CD56875F1A82DF5C00629C98 /* DYBetlineTableViewCell+Configure.h */ = {isa = PBXFileReference; fileEncoding = 4; lastKnownFileType = sourcecode.c.h; path = "DYBetlineTableViewCell+Configure.h"; sourceTree = "<group>"; };
		CD5687601A82DF5C00629C98 /* DYBetlineTableViewCell+Configure.m */ = {isa = PBXFileReference; fileEncoding = 4; lastKnownFileType = sourcecode.c.objc; path = "DYBetlineTableViewCell+Configure.m"; sourceTree = "<group>"; };
		CD5687621A82E0BF00629C98 /* DYBetlineRepository.h */ = {isa = PBXFileReference; fileEncoding = 4; lastKnownFileType = sourcecode.c.h; path = DYBetlineRepository.h; sourceTree = "<group>"; };
		CD5687631A82E0BF00629C98 /* DYBetlineRepository.m */ = {isa = PBXFileReference; fileEncoding = 4; lastKnownFileType = sourcecode.c.objc; path = DYBetlineRepository.m; sourceTree = "<group>"; };
		CD6865E31A27E92F000A1F56 /* dareyoo.app */ = {isa = PBXFileReference; explicitFileType = wrapper.application; includeInIndex = 0; path = dareyoo.app; sourceTree = BUILT_PRODUCTS_DIR; };
		CD6865E71A27E92F000A1F56 /* Info.plist */ = {isa = PBXFileReference; lastKnownFileType = text.plist.xml; path = Info.plist; sourceTree = "<group>"; };
		CD6865E81A27E92F000A1F56 /* main.m */ = {isa = PBXFileReference; lastKnownFileType = sourcecode.c.objc; path = main.m; sourceTree = "<group>"; };
		CD6865EA1A27E92F000A1F56 /* AppDelegate.h */ = {isa = PBXFileReference; lastKnownFileType = sourcecode.c.h; path = AppDelegate.h; sourceTree = "<group>"; };
		CD6865EB1A27E92F000A1F56 /* AppDelegate.m */ = {isa = PBXFileReference; lastKnownFileType = sourcecode.c.objc; path = AppDelegate.m; sourceTree = "<group>"; };
		CD6865ED1A27E92F000A1F56 /* ViewController.h */ = {isa = PBXFileReference; lastKnownFileType = sourcecode.c.h; path = ViewController.h; sourceTree = "<group>"; };
		CD6865EE1A27E92F000A1F56 /* ViewController.m */ = {isa = PBXFileReference; lastKnownFileType = sourcecode.c.objc; path = ViewController.m; sourceTree = "<group>"; };
		CD6865F11A27E92F000A1F56 /* Base */ = {isa = PBXFileReference; lastKnownFileType = file.storyboard; name = Base; path = Base.lproj/Main.storyboard; sourceTree = "<group>"; };
		CD6865F31A27E92F000A1F56 /* Images.xcassets */ = {isa = PBXFileReference; lastKnownFileType = folder.assetcatalog; path = Images.xcassets; sourceTree = "<group>"; };
		CD6865F61A27E92F000A1F56 /* Base */ = {isa = PBXFileReference; lastKnownFileType = file.xib; name = Base; path = Base.lproj/LaunchScreen.xib; sourceTree = "<group>"; };
		CD6865FC1A27E92F000A1F56 /* dareyooTests.xctest */ = {isa = PBXFileReference; explicitFileType = wrapper.cfbundle; includeInIndex = 0; path = dareyooTests.xctest; sourceTree = BUILT_PRODUCTS_DIR; };
		CD6866011A27E92F000A1F56 /* Info.plist */ = {isa = PBXFileReference; lastKnownFileType = text.plist.xml; path = Info.plist; sourceTree = "<group>"; };
		CD6866021A27E92F000A1F56 /* dareyooTests.m */ = {isa = PBXFileReference; lastKnownFileType = sourcecode.c.objc; path = dareyooTests.m; sourceTree = "<group>"; };
		CD77A3D71A7852C50023BC65 /* fb login btt.png */ = {isa = PBXFileReference; lastKnownFileType = image.png; path = "fb login btt.png"; sourceTree = "<group>"; };
		CD77A3D81A7852C50023BC65 /* login btt.png */ = {isa = PBXFileReference; lastKnownFileType = image.png; path = "login btt.png"; sourceTree = "<group>"; };
		CD77A3DB1A7853140023BC65 /* logo1.png */ = {isa = PBXFileReference; lastKnownFileType = image.png; path = logo1.png; sourceTree = "<group>"; };
		CD77A3DD1A7857B20023BC65 /* mans i copa.png */ = {isa = PBXFileReference; lastKnownFileType = image.png; path = "mans i copa.png"; sourceTree = "<group>"; };
		CD77A3DF1A799BBA0023BC65 /* Line.png */ = {isa = PBXFileReference; lastKnownFileType = image.png; path = Line.png; sourceTree = "<group>"; };
		CD77A3E11A79A0AF0023BC65 /* LoginViewController.h */ = {isa = PBXFileReference; fileEncoding = 4; lastKnownFileType = sourcecode.c.h; path = LoginViewController.h; sourceTree = "<group>"; };
		CD77A3E21A79A0AF0023BC65 /* LoginViewController.m */ = {isa = PBXFileReference; fileEncoding = 4; lastKnownFileType = sourcecode.c.objc; path = LoginViewController.m; sourceTree = "<group>"; };
		CD77A3E41A79A4170023BC65 /* DYBetlineViewController.h */ = {isa = PBXFileReference; fileEncoding = 4; lastKnownFileType = sourcecode.c.h; path = DYBetlineViewController.h; sourceTree = "<group>"; };
		CD77A3E51A79A4170023BC65 /* DYBetlineViewController.m */ = {isa = PBXFileReference; fileEncoding = 4; lastKnownFileType = sourcecode.c.objc; path = DYBetlineViewController.m; sourceTree = "<group>"; };
		CD77A3E91A79A4860023BC65 /* DYBetlineViewController.xib */ = {isa = PBXFileReference; fileEncoding = 4; lastKnownFileType = file.xib; path = DYBetlineViewController.xib; sourceTree = "<group>"; };
		CDBCFE071A31231A00EF09E1 /* DYBet.h */ = {isa = PBXFileReference; fileEncoding = 4; lastKnownFileType = sourcecode.c.h; name = DYBet.h; path = Models/DYBet.h; sourceTree = "<group>"; };
		CDBCFE081A31231A00EF09E1 /* DYBet.m */ = {isa = PBXFileReference; fileEncoding = 4; lastKnownFileType = sourcecode.c.objc; name = DYBet.m; path = Models/DYBet.m; sourceTree = "<group>"; };
		CDBCFE0A1A31254A00EF09E1 /* DYAuthor.h */ = {isa = PBXFileReference; fileEncoding = 4; lastKnownFileType = sourcecode.c.h; name = DYAuthor.h; path = Models/DYAuthor.h; sourceTree = "<group>"; };
		CDBCFE0B1A31254A00EF09E1 /* DYAuthor.m */ = {isa = PBXFileReference; fileEncoding = 4; lastKnownFileType = sourcecode.c.objc; name = DYAuthor.m; path = Models/DYAuthor.m; sourceTree = "<group>"; };
		CDCDBE741A39011B00086107 /* DYBid.h */ = {isa = PBXFileReference; fileEncoding = 4; lastKnownFileType = sourcecode.c.h; name = DYBid.h; path = Models/DYBid.h; sourceTree = "<group>"; };
		CDCDBE751A39011B00086107 /* DYBid.m */ = {isa = PBXFileReference; fileEncoding = 4; lastKnownFileType = sourcecode.c.objc; name = DYBid.m; path = Models/DYBid.m; sourceTree = "<group>"; };
		CDCDBE781A3E069B00086107 /* NSDictionary+Parser.h */ = {isa = PBXFileReference; fileEncoding = 4; lastKnownFileType = sourcecode.c.h; name = "NSDictionary+Parser.h"; path = "Helpers/NSDictionary+Parser.h"; sourceTree = "<group>"; };
		CDCDBE791A3E069B00086107 /* NSDictionary+Parser.m */ = {isa = PBXFileReference; fileEncoding = 4; lastKnownFileType = sourcecode.c.objc; name = "NSDictionary+Parser.m"; path = "Helpers/NSDictionary+Parser.m"; sourceTree = "<group>"; };
		CDCDBE7B1A3E0B3400086107 /* RLNetworkRequest.h */ = {isa = PBXFileReference; fileEncoding = 4; lastKnownFileType = sourcecode.c.h; path = RLNetworkRequest.h; sourceTree = "<group>"; };
		CDCDBE7C1A3E0B3400086107 /* RLNetworkRequest.m */ = {isa = PBXFileReference; fileEncoding = 4; lastKnownFileType = sourcecode.c.objc; path = RLNetworkRequest.m; sourceTree = "<group>"; };
		CDCDBE7E1A3E0C5800086107 /* MMDebugMacros.h */ = {isa = PBXFileReference; lastKnownFileType = sourcecode.c.h; path = MMDebugMacros.h; sourceTree = "<group>"; };
		CDF1CB291A56B7DB008F5F1F /* DYBetRepository.h */ = {isa = PBXFileReference; fileEncoding = 4; lastKnownFileType = sourcecode.c.h; path = DYBetRepository.h; sourceTree = "<group>"; };
		CDF1CB2A1A56B7DB008F5F1F /* DYBetRepository.m */ = {isa = PBXFileReference; fileEncoding = 4; lastKnownFileType = sourcecode.c.objc; path = DYBetRepository.m; sourceTree = "<group>"; };
		CDF1CB2C1A56BC3F008F5F1F /* DYAuthorRepository.h */ = {isa = PBXFileReference; fileEncoding = 4; lastKnownFileType = sourcecode.c.h; path = DYAuthorRepository.h; sourceTree = "<group>"; };
		CDF1CB2D1A56BC3F008F5F1F /* DYAuthorRepository.m */ = {isa = PBXFileReference; fileEncoding = 4; lastKnownFileType = sourcecode.c.objc; path = DYAuthorRepository.m; sourceTree = "<group>"; };
/* End PBXFileReference section */

/* Begin PBXFrameworksBuildPhase section */
		CD6865E01A27E92F000A1F56 /* Frameworks */ = {
			isa = PBXFrameworksBuildPhase;
			buildActionMask = 2147483647;
			files = (
				4D4669D02D9BCF7824B27C76 /* libPods-dareyoo.a in Frameworks */,
			);
			runOnlyForDeploymentPostprocessing = 0;
		};
		CD6865F91A27E92F000A1F56 /* Frameworks */ = {
			isa = PBXFrameworksBuildPhase;
			buildActionMask = 2147483647;
			files = (
				40AC848D6CCAF0CD63889BF8 /* libPods-dareyooTests.a in Frameworks */,
			);
			runOnlyForDeploymentPostprocessing = 0;
		};
/* End PBXFrameworksBuildPhase section */

/* Begin PBXGroup section */
		2A63727FDD9CEFF27B3FCA1B /* Frameworks */ = {
			isa = PBXGroup;
			children = (
				1FF9EFA2A77B1C874C10622E /* libPods-dareyoo.a */,
				259EEC410F751D92EC56AB6A /* libPods-dareyooTests.a */,
			);
			name = Frameworks;
			sourceTree = "<group>";
		};
		8C56CCC627E7CA4810EDCEE2 /* Pods */ = {
			isa = PBXGroup;
			children = (
				2710AB28D1BB6F313F2F285B /* Pods-dareyoo.debug.xcconfig */,
				430DE0CE26F5B4E4761ED993 /* Pods-dareyoo.release.xcconfig */,
				428FF77CF487C5A16A3A7FD4 /* Pods-dareyooTests.debug.xcconfig */,
				786761C997C26DD90CF3C370 /* Pods-dareyooTests.release.xcconfig */,
			);
			name = Pods;
			sourceTree = "<group>";
		};
		CD6865DA1A27E92F000A1F56 = {
			isa = PBXGroup;
			children = (
				CD6865E51A27E92F000A1F56 /* dareyoo */,
				CD6865FF1A27E92F000A1F56 /* dareyooTests */,
				CD6865E41A27E92F000A1F56 /* Products */,
				8C56CCC627E7CA4810EDCEE2 /* Pods */,
				2A63727FDD9CEFF27B3FCA1B /* Frameworks */,
			);
			sourceTree = "<group>";
		};
		CD6865E41A27E92F000A1F56 /* Products */ = {
			isa = PBXGroup;
			children = (
				CD6865E31A27E92F000A1F56 /* dareyoo.app */,
				CD6865FC1A27E92F000A1F56 /* dareyooTests.xctest */,
			);
			name = Products;
			sourceTree = "<group>";
		};
		CD6865E51A27E92F000A1F56 /* dareyoo */ = {
			isa = PBXGroup;
			children = (
				CD77A3D51A7852AD0023BC65 /* Resources */,
				CDCDBE771A3E066F00086107 /* Helpers */,
				CDBCFE061A31224500EF09E1 /* Models */,
				CD6865EA1A27E92F000A1F56 /* AppDelegate.h */,
				CD6865EB1A27E92F000A1F56 /* AppDelegate.m */,
				CD6865ED1A27E92F000A1F56 /* ViewController.h */,
				CD6865EE1A27E92F000A1F56 /* ViewController.m */,
				CD6865F01A27E92F000A1F56 /* Main.storyboard */,
				CD77A3E11A79A0AF0023BC65 /* LoginViewController.h */,
				CD77A3E21A79A0AF0023BC65 /* LoginViewController.m */,
				CD77A3E41A79A4170023BC65 /* DYBetlineViewController.h */,
				CD77A3E51A79A4170023BC65 /* DYBetlineViewController.m */,
				CD77A3E91A79A4860023BC65 /* DYBetlineViewController.xib */,
				CD5033F21A7AF88400E6FA53 /* DYBetlineTableViewCell.h */,
				CD5033F31A7AF88400E6FA53 /* DYBetlineTableViewCell.m */,
				CD56875F1A82DF5C00629C98 /* DYBetlineTableViewCell+Configure.h */,
				CD5687601A82DF5C00629C98 /* DYBetlineTableViewCell+Configure.m */,
				CD5033F41A7AF88400E6FA53 /* DYBetlineTableViewCell.xib */,
				CDCDBE7B1A3E0B3400086107 /* RLNetworkRequest.h */,
				CDCDBE7C1A3E0B3400086107 /* RLNetworkRequest.m */,
				CDF1CB291A56B7DB008F5F1F /* DYBetRepository.h */,
				CDF1CB2A1A56B7DB008F5F1F /* DYBetRepository.m */,
				CDF1CB2C1A56BC3F008F5F1F /* DYAuthorRepository.h */,
				CDF1CB2D1A56BC3F008F5F1F /* DYAuthorRepository.m */,
				CD5687621A82E0BF00629C98 /* DYBetlineRepository.h */,
				CD5687631A82E0BF00629C98 /* DYBetlineRepository.m */,
				CD6865F31A27E92F000A1F56 /* Images.xcassets */,
				CD6865F51A27E92F000A1F56 /* LaunchScreen.xib */,
				CD6865E61A27E92F000A1F56 /* Supporting Files */,
			);
			path = dareyoo;
			sourceTree = "<group>";
		};
		CD6865E61A27E92F000A1F56 /* Supporting Files */ = {
			isa = PBXGroup;
			children = (
				CD6865E71A27E92F000A1F56 /* Info.plist */,
				CD6865E81A27E92F000A1F56 /* main.m */,
			);
			name = "Supporting Files";
			sourceTree = "<group>";
		};
		CD6865FF1A27E92F000A1F56 /* dareyooTests */ = {
			isa = PBXGroup;
			children = (
				CD6866021A27E92F000A1F56 /* dareyooTests.m */,
				CD6866001A27E92F000A1F56 /* Supporting Files */,
			);
			path = dareyooTests;
			sourceTree = "<group>";
		};
		CD6866001A27E92F000A1F56 /* Supporting Files */ = {
			isa = PBXGroup;
			children = (
				CD6866011A27E92F000A1F56 /* Info.plist */,
			);
			name = "Supporting Files";
			sourceTree = "<group>";
		};
		CD77A3D51A7852AD0023BC65 /* Resources */ = {
			isa = PBXGroup;
			children = (
				CD77A3D61A7852B70023BC65 /* Images */,
			);
			name = Resources;
			sourceTree = "<group>";
		};
		CD77A3D61A7852B70023BC65 /* Images */ = {
			isa = PBXGroup;
			children = (
				CD77A3D71A7852C50023BC65 /* fb login btt.png */,
				CD77A3D81A7852C50023BC65 /* login btt.png */,
				CD77A3DB1A7853140023BC65 /* logo1.png */,
				CD77A3DD1A7857B20023BC65 /* mans i copa.png */,
				CD77A3DF1A799BBA0023BC65 /* Line.png */,
			);
			name = Images;
			sourceTree = "<group>";
		};
		CDBCFE061A31224500EF09E1 /* Models */ = {
			isa = PBXGroup;
			children = (
				CDBCFE071A31231A00EF09E1 /* DYBet.h */,
				CDBCFE081A31231A00EF09E1 /* DYBet.m */,
				CDBCFE0A1A31254A00EF09E1 /* DYAuthor.h */,
				CDBCFE0B1A31254A00EF09E1 /* DYAuthor.m */,
				CDCDBE741A39011B00086107 /* DYBid.h */,
				CDCDBE751A39011B00086107 /* DYBid.m */,
			);
			name = Models;
			sourceTree = "<group>";
		};
		CDCDBE771A3E066F00086107 /* Helpers */ = {
			isa = PBXGroup;
			children = (
				CDCDBE7E1A3E0C5800086107 /* MMDebugMacros.h */,
				CDCDBE781A3E069B00086107 /* NSDictionary+Parser.h */,
				CDCDBE791A3E069B00086107 /* NSDictionary+Parser.m */,
			);
			name = Helpers;
			sourceTree = "<group>";
		};
/* End PBXGroup section */

/* Begin PBXNativeTarget section */
		CD6865E21A27E92F000A1F56 /* dareyoo */ = {
			isa = PBXNativeTarget;
			buildConfigurationList = CD6866061A27E92F000A1F56 /* Build configuration list for PBXNativeTarget "dareyoo" */;
			buildPhases = (
				673894A8B6EFBC935A8C7AE5 /* Check Pods Manifest.lock */,
				CD6865DF1A27E92F000A1F56 /* Sources */,
				CD6865E01A27E92F000A1F56 /* Frameworks */,
				CD6865E11A27E92F000A1F56 /* Resources */,
				EAE5162828CD357D6BE40F78 /* Copy Pods Resources */,
			);
			buildRules = (
			);
			dependencies = (
			);
			name = dareyoo;
			productName = dareyoo;
			productReference = CD6865E31A27E92F000A1F56 /* dareyoo.app */;
			productType = "com.apple.product-type.application";
		};
		CD6865FB1A27E92F000A1F56 /* dareyooTests */ = {
			isa = PBXNativeTarget;
			buildConfigurationList = CD6866091A27E92F000A1F56 /* Build configuration list for PBXNativeTarget "dareyooTests" */;
			buildPhases = (
				8559B6895D7F802B11A22BA6 /* Check Pods Manifest.lock */,
				CD6865F81A27E92F000A1F56 /* Sources */,
				CD6865F91A27E92F000A1F56 /* Frameworks */,
				CD6865FA1A27E92F000A1F56 /* Resources */,
				B0AE929DA904477E9E9058E5 /* Copy Pods Resources */,
			);
			buildRules = (
			);
			dependencies = (
				CD6865FE1A27E92F000A1F56 /* PBXTargetDependency */,
			);
			name = dareyooTests;
			productName = dareyooTests;
			productReference = CD6865FC1A27E92F000A1F56 /* dareyooTests.xctest */;
			productType = "com.apple.product-type.bundle.unit-test";
		};
/* End PBXNativeTarget section */

/* Begin PBXProject section */
		CD6865DB1A27E92F000A1F56 /* Project object */ = {
			isa = PBXProject;
			attributes = {
				LastUpgradeCheck = 0610;
				ORGANIZATIONNAME = Dareyoo;
				TargetAttributes = {
					CD6865E21A27E92F000A1F56 = {
						CreatedOnToolsVersion = 6.1;
					};
					CD6865FB1A27E92F000A1F56 = {
						CreatedOnToolsVersion = 6.1;
						TestTargetID = CD6865E21A27E92F000A1F56;
					};
				};
			};
			buildConfigurationList = CD6865DE1A27E92F000A1F56 /* Build configuration list for PBXProject "dareyoo" */;
			compatibilityVersion = "Xcode 3.2";
			developmentRegion = English;
			hasScannedForEncodings = 0;
			knownRegions = (
				en,
				Base,
			);
			mainGroup = CD6865DA1A27E92F000A1F56;
			productRefGroup = CD6865E41A27E92F000A1F56 /* Products */;
			projectDirPath = "";
			projectRoot = "";
			targets = (
				CD6865E21A27E92F000A1F56 /* dareyoo */,
				CD6865FB1A27E92F000A1F56 /* dareyooTests */,
			);
		};
/* End PBXProject section */

/* Begin PBXResourcesBuildPhase section */
		CD6865E11A27E92F000A1F56 /* Resources */ = {
			isa = PBXResourcesBuildPhase;
			buildActionMask = 2147483647;
			files = (
				CD6865F21A27E92F000A1F56 /* Main.storyboard in Resources */,
				CD6865F71A27E92F000A1F56 /* LaunchScreen.xib in Resources */,
				CD77A3DA1A7852C50023BC65 /* login btt.png in Resources */,
				CD77A3E01A799BBA0023BC65 /* Line.png in Resources */,
				CD77A3EA1A79A4860023BC65 /* DYBetlineViewController.xib in Resources */,
				CD77A3D91A7852C50023BC65 /* fb login btt.png in Resources */,
				CD77A3DE1A7857B20023BC65 /* mans i copa.png in Resources */,
				CD77A3DC1A7853140023BC65 /* logo1.png in Resources */,
				CD5033F61A7AF88400E6FA53 /* DYBetlineTableViewCell.xib in Resources */,
				CD6865F41A27E92F000A1F56 /* Images.xcassets in Resources */,
			);
			runOnlyForDeploymentPostprocessing = 0;
		};
		CD6865FA1A27E92F000A1F56 /* Resources */ = {
			isa = PBXResourcesBuildPhase;
			buildActionMask = 2147483647;
			files = (
			);
			runOnlyForDeploymentPostprocessing = 0;
		};
/* End PBXResourcesBuildPhase section */

/* Begin PBXShellScriptBuildPhase section */
		673894A8B6EFBC935A8C7AE5 /* Check Pods Manifest.lock */ = {
			isa = PBXShellScriptBuildPhase;
			buildActionMask = 2147483647;
			files = (
			);
			inputPaths = (
			);
			name = "Check Pods Manifest.lock";
			outputPaths = (
			);
			runOnlyForDeploymentPostprocessing = 0;
			shellPath = /bin/sh;
			shellScript = "diff \"${PODS_ROOT}/../Podfile.lock\" \"${PODS_ROOT}/Manifest.lock\" > /dev/null\nif [[ $? != 0 ]] ; then\n    cat << EOM\nerror: The sandbox is not in sync with the Podfile.lock. Run 'pod install' or update your CocoaPods installation.\nEOM\n    exit 1\nfi\n";
			showEnvVarsInLog = 0;
		};
		8559B6895D7F802B11A22BA6 /* Check Pods Manifest.lock */ = {
			isa = PBXShellScriptBuildPhase;
			buildActionMask = 2147483647;
			files = (
			);
			inputPaths = (
			);
			name = "Check Pods Manifest.lock";
			outputPaths = (
			);
			runOnlyForDeploymentPostprocessing = 0;
			shellPath = /bin/sh;
			shellScript = "diff \"${PODS_ROOT}/../Podfile.lock\" \"${PODS_ROOT}/Manifest.lock\" > /dev/null\nif [[ $? != 0 ]] ; then\n    cat << EOM\nerror: The sandbox is not in sync with the Podfile.lock. Run 'pod install' or update your CocoaPods installation.\nEOM\n    exit 1\nfi\n";
			showEnvVarsInLog = 0;
		};
		B0AE929DA904477E9E9058E5 /* Copy Pods Resources */ = {
			isa = PBXShellScriptBuildPhase;
			buildActionMask = 2147483647;
			files = (
			);
			inputPaths = (
			);
			name = "Copy Pods Resources";
			outputPaths = (
			);
			runOnlyForDeploymentPostprocessing = 0;
			shellPath = /bin/sh;
			shellScript = "\"${SRCROOT}/Pods/Target Support Files/Pods-dareyooTests/Pods-dareyooTests-resources.sh\"\n";
			showEnvVarsInLog = 0;
		};
		EAE5162828CD357D6BE40F78 /* Copy Pods Resources */ = {
			isa = PBXShellScriptBuildPhase;
			buildActionMask = 2147483647;
			files = (
			);
			inputPaths = (
			);
			name = "Copy Pods Resources";
			outputPaths = (
			);
			runOnlyForDeploymentPostprocessing = 0;
			shellPath = /bin/sh;
			shellScript = "\"${SRCROOT}/Pods/Target Support Files/Pods-dareyoo/Pods-dareyoo-resources.sh\"\n";
			showEnvVarsInLog = 0;
		};
/* End PBXShellScriptBuildPhase section */

/* Begin PBXSourcesBuildPhase section */
		CD6865DF1A27E92F000A1F56 /* Sources */ = {
			isa = PBXSourcesBuildPhase;
			buildActionMask = 2147483647;
			files = (
				CDCDBE761A39011B00086107 /* DYBid.m in Sources */,
				CDBCFE0C1A31254A00EF09E1 /* DYAuthor.m in Sources */,
				CD6865EF1A27E92F000A1F56 /* ViewController.m in Sources */,
				CDF1CB2E1A56BC3F008F5F1F /* DYAuthorRepository.m in Sources */,
				CD5033F51A7AF88400E6FA53 /* DYBetlineTableViewCell.m in Sources */,
				CDCDBE7D1A3E0B3400086107 /* RLNetworkRequest.m in Sources */,
				CD6865EC1A27E92F000A1F56 /* AppDelegate.m in Sources */,
				CDF1CB2B1A56B7DB008F5F1F /* DYBetRepository.m in Sources */,
				CD77A3E61A79A4170023BC65 /* DYBetlineViewController.m in Sources */,
				CD5687641A82E0BF00629C98 /* DYBetlineRepository.m in Sources */,
				CDBCFE091A31231A00EF09E1 /* DYBet.m in Sources */,
				CDCDBE7A1A3E069B00086107 /* NSDictionary+Parser.m in Sources */,
				CD77A3E31A79A0AF0023BC65 /* LoginViewController.m in Sources */,
				CD6865E91A27E92F000A1F56 /* main.m in Sources */,
				CD5687611A82DF5C00629C98 /* DYBetlineTableViewCell+Configure.m in Sources */,
			);
			runOnlyForDeploymentPostprocessing = 0;
		};
		CD6865F81A27E92F000A1F56 /* Sources */ = {
			isa = PBXSourcesBuildPhase;
			buildActionMask = 2147483647;
			files = (
				CD6866031A27E92F000A1F56 /* dareyooTests.m in Sources */,
			);
			runOnlyForDeploymentPostprocessing = 0;
		};
/* End PBXSourcesBuildPhase section */

/* Begin PBXTargetDependency section */
		CD6865FE1A27E92F000A1F56 /* PBXTargetDependency */ = {
			isa = PBXTargetDependency;
			target = CD6865E21A27E92F000A1F56 /* dareyoo */;
			targetProxy = CD6865FD1A27E92F000A1F56 /* PBXContainerItemProxy */;
		};
/* End PBXTargetDependency section */

/* Begin PBXVariantGroup section */
		CD6865F01A27E92F000A1F56 /* Main.storyboard */ = {
			isa = PBXVariantGroup;
			children = (
				CD6865F11A27E92F000A1F56 /* Base */,
			);
			name = Main.storyboard;
			sourceTree = "<group>";
		};
		CD6865F51A27E92F000A1F56 /* LaunchScreen.xib */ = {
			isa = PBXVariantGroup;
			children = (
				CD6865F61A27E92F000A1F56 /* Base */,
			);
			name = LaunchScreen.xib;
			sourceTree = "<group>";
		};
/* End PBXVariantGroup section */

/* Begin XCBuildConfiguration section */
		CD6866041A27E92F000A1F56 /* Debug */ = {
			isa = XCBuildConfiguration;
			buildSettings = {
				ALWAYS_SEARCH_USER_PATHS = NO;
				CLANG_CXX_LANGUAGE_STANDARD = "gnu++0x";
				CLANG_CXX_LIBRARY = "libc++";
				CLANG_ENABLE_MODULES = YES;
				CLANG_ENABLE_OBJC_ARC = YES;
				CLANG_WARN_BOOL_CONVERSION = YES;
				CLANG_WARN_CONSTANT_CONVERSION = YES;
				CLANG_WARN_DIRECT_OBJC_ISA_USAGE = YES_ERROR;
				CLANG_WARN_EMPTY_BODY = YES;
				CLANG_WARN_ENUM_CONVERSION = YES;
				CLANG_WARN_INT_CONVERSION = YES;
				CLANG_WARN_OBJC_ROOT_CLASS = YES_ERROR;
				CLANG_WARN_UNREACHABLE_CODE = YES;
				CLANG_WARN__DUPLICATE_METHOD_MATCH = YES;
				"CODE_SIGN_IDENTITY[sdk=iphoneos*]" = "iPhone Developer";
				COPY_PHASE_STRIP = NO;
				ENABLE_STRICT_OBJC_MSGSEND = YES;
				GCC_C_LANGUAGE_STANDARD = gnu99;
				GCC_DYNAMIC_NO_PIC = NO;
				GCC_OPTIMIZATION_LEVEL = 0;
				GCC_PREPROCESSOR_DEFINITIONS = (
					"DEBUG=1",
					"$(inherited)",
				);
				GCC_SYMBOLS_PRIVATE_EXTERN = NO;
				GCC_WARN_64_TO_32_BIT_CONVERSION = YES;
				GCC_WARN_ABOUT_RETURN_TYPE = YES_ERROR;
				GCC_WARN_UNDECLARED_SELECTOR = YES;
				GCC_WARN_UNINITIALIZED_AUTOS = YES_AGGRESSIVE;
				GCC_WARN_UNUSED_FUNCTION = YES;
				GCC_WARN_UNUSED_VARIABLE = YES;
				IPHONEOS_DEPLOYMENT_TARGET = 8.1;
				MTL_ENABLE_DEBUG_INFO = YES;
				ONLY_ACTIVE_ARCH = YES;
				SDKROOT = iphoneos;
				TARGETED_DEVICE_FAMILY = "1,2";
			};
			name = Debug;
		};
		CD6866051A27E92F000A1F56 /* Release */ = {
			isa = XCBuildConfiguration;
			buildSettings = {
				ALWAYS_SEARCH_USER_PATHS = NO;
				CLANG_CXX_LANGUAGE_STANDARD = "gnu++0x";
				CLANG_CXX_LIBRARY = "libc++";
				CLANG_ENABLE_MODULES = YES;
				CLANG_ENABLE_OBJC_ARC = YES;
				CLANG_WARN_BOOL_CONVERSION = YES;
				CLANG_WARN_CONSTANT_CONVERSION = YES;
				CLANG_WARN_DIRECT_OBJC_ISA_USAGE = YES_ERROR;
				CLANG_WARN_EMPTY_BODY = YES;
				CLANG_WARN_ENUM_CONVERSION = YES;
				CLANG_WARN_INT_CONVERSION = YES;
				CLANG_WARN_OBJC_ROOT_CLASS = YES_ERROR;
				CLANG_WARN_UNREACHABLE_CODE = YES;
				CLANG_WARN__DUPLICATE_METHOD_MATCH = YES;
				"CODE_SIGN_IDENTITY[sdk=iphoneos*]" = "iPhone Developer";
				COPY_PHASE_STRIP = YES;
				ENABLE_NS_ASSERTIONS = NO;
				ENABLE_STRICT_OBJC_MSGSEND = YES;
				GCC_C_LANGUAGE_STANDARD = gnu99;
				GCC_WARN_64_TO_32_BIT_CONVERSION = YES;
				GCC_WARN_ABOUT_RETURN_TYPE = YES_ERROR;
				GCC_WARN_UNDECLARED_SELECTOR = YES;
				GCC_WARN_UNINITIALIZED_AUTOS = YES_AGGRESSIVE;
				GCC_WARN_UNUSED_FUNCTION = YES;
				GCC_WARN_UNUSED_VARIABLE = YES;
				IPHONEOS_DEPLOYMENT_TARGET = 8.1;
				MTL_ENABLE_DEBUG_INFO = NO;
				SDKROOT = iphoneos;
				TARGETED_DEVICE_FAMILY = "1,2";
				VALIDATE_PRODUCT = YES;
			};
			name = Release;
		};
		CD6866071A27E92F000A1F56 /* Debug */ = {
			isa = XCBuildConfiguration;
			baseConfigurationReference = 2710AB28D1BB6F313F2F285B /* Pods-dareyoo.debug.xcconfig */;
			buildSettings = {
				ASSETCATALOG_COMPILER_APPICON_NAME = AppIcon;
				INFOPLIST_FILE = dareyoo/Info.plist;
				LD_RUNPATH_SEARCH_PATHS = "$(inherited) @executable_path/Frameworks";
				PRODUCT_NAME = "$(TARGET_NAME)";
			};
			name = Debug;
		};
		CD6866081A27E92F000A1F56 /* Release */ = {
			isa = XCBuildConfiguration;
			baseConfigurationReference = 430DE0CE26F5B4E4761ED993 /* Pods-dareyoo.release.xcconfig */;
			buildSettings = {
				ASSETCATALOG_COMPILER_APPICON_NAME = AppIcon;
				INFOPLIST_FILE = dareyoo/Info.plist;
				LD_RUNPATH_SEARCH_PATHS = "$(inherited) @executable_path/Frameworks";
				PRODUCT_NAME = "$(TARGET_NAME)";
			};
			name = Release;
		};
		CD68660A1A27E92F000A1F56 /* Debug */ = {
			isa = XCBuildConfiguration;
			baseConfigurationReference = 428FF77CF487C5A16A3A7FD4 /* Pods-dareyooTests.debug.xcconfig */;
			buildSettings = {
				BUNDLE_LOADER = "$(TEST_HOST)";
				FRAMEWORK_SEARCH_PATHS = (
					"$(SDKROOT)/Developer/Library/Frameworks",
					"$(inherited)",
				);
				GCC_PREPROCESSOR_DEFINITIONS = (
					"DEBUG=1",
					"$(inherited)",
				);
				INFOPLIST_FILE = dareyooTests/Info.plist;
				LD_RUNPATH_SEARCH_PATHS = "$(inherited) @executable_path/Frameworks @loader_path/Frameworks";
				PRODUCT_NAME = "$(TARGET_NAME)";
				TEST_HOST = "$(BUILT_PRODUCTS_DIR)/dareyoo.app/dareyoo";
			};
			name = Debug;
		};
		CD68660B1A27E92F000A1F56 /* Release */ = {
			isa = XCBuildConfiguration;
			baseConfigurationReference = 786761C997C26DD90CF3C370 /* Pods-dareyooTests.release.xcconfig */;
			buildSettings = {
				BUNDLE_LOADER = "$(TEST_HOST)";
				FRAMEWORK_SEARCH_PATHS = (
					"$(SDKROOT)/Developer/Library/Frameworks",
					"$(inherited)",
				);
				INFOPLIST_FILE = dareyooTests/Info.plist;
				LD_RUNPATH_SEARCH_PATHS = "$(inherited) @executable_path/Frameworks @loader_path/Frameworks";
				PRODUCT_NAME = "$(TARGET_NAME)";
				TEST_HOST = "$(BUILT_PRODUCTS_DIR)/dareyoo.app/dareyoo";
			};
			name = Release;
		};
/* End XCBuildConfiguration section */

/* Begin XCConfigurationList section */
		CD6865DE1A27E92F000A1F56 /* Build configuration list for PBXProject "dareyoo" */ = {
			isa = XCConfigurationList;
			buildConfigurations = (
				CD6866041A27E92F000A1F56 /* Debug */,
				CD6866051A27E92F000A1F56 /* Release */,
			);
			defaultConfigurationIsVisible = 0;
			defaultConfigurationName = Release;
		};
		CD6866061A27E92F000A1F56 /* Build configuration list for PBXNativeTarget "dareyoo" */ = {
			isa = XCConfigurationList;
			buildConfigurations = (
				CD6866071A27E92F000A1F56 /* Debug */,
				CD6866081A27E92F000A1F56 /* Release */,
			);
			defaultConfigurationIsVisible = 0;
			defaultConfigurationName = Release;
		};
		CD6866091A27E92F000A1F56 /* Build configuration list for PBXNativeTarget "dareyooTests" */ = {
			isa = XCConfigurationList;
			buildConfigurations = (
				CD68660A1A27E92F000A1F56 /* Debug */,
				CD68660B1A27E92F000A1F56 /* Release */,
			);
			defaultConfigurationIsVisible = 0;
			defaultConfigurationName = Release;
		};
/* End XCConfigurationList section */
	};
	rootObject = CD6865DB1A27E92F000A1F56 /* Project object */;
}
